// !$*UTF8*$!
{
	archiveVersion = 1;
	classes = {
	};
	objectVersion = 46;
	objects = {

/* Begin PBXBuildFile section */
		9AD8E65EA8E8395F21897D34 /* libPods-DateMethod.a in Frameworks */ = {isa = PBXBuildFile; fileRef = 20D9D31DD50D208478838492 /* libPods-DateMethod.a */; };
		D07495461B5F814B0094EDB6 /* main.m in Sources */ = {isa = PBXBuildFile; fileRef = D07495451B5F814B0094EDB6 /* main.m */; };
		D07495491B5F814B0094EDB6 /* AppDelegate.m in Sources */ = {isa = PBXBuildFile; fileRef = D07495481B5F814B0094EDB6 /* AppDelegate.m */; };
		D074954F1B5F814B0094EDB6 /* Main.storyboard in Resources */ = {isa = PBXBuildFile; fileRef = D074954D1B5F814B0094EDB6 /* Main.storyboard */; };
		D07495511B5F814B0094EDB6 /* Images.xcassets in Resources */ = {isa = PBXBuildFile; fileRef = D07495501B5F814B0094EDB6 /* Images.xcassets */; };
		D07495541B5F814B0094EDB6 /* LaunchScreen.xib in Resources */ = {isa = PBXBuildFile; fileRef = D07495521B5F814B0094EDB6 /* LaunchScreen.xib */; };
		D07495601B5F814C0094EDB6 /* DateMethodTests.m in Sources */ = {isa = PBXBuildFile; fileRef = D074955F1B5F814C0094EDB6 /* DateMethodTests.m */; };
		D074956B1B5F81F60094EDB6 /* RootTVC.m in Sources */ = {isa = PBXBuildFile; fileRef = D074956A1B5F81F60094EDB6 /* RootTVC.m */; };
		D07495721B5F841B0094EDB6 /* DMDate.m in Sources */ = {isa = PBXBuildFile; fileRef = D07495711B5F841B0094EDB6 /* DMDate.m */; };
		D07495761B5F8BB70094EDB6 /* NSDate+EarlyInTheMorning.m in Sources */ = {isa = PBXBuildFile; fileRef = D07495751B5F8BB70094EDB6 /* NSDate+EarlyInTheMorning.m */; };
		D07495791B5F96830094EDB6 /* NSString+DateValue.m in Sources */ = {isa = PBXBuildFile; fileRef = D07495781B5F96830094EDB6 /* NSString+DateValue.m */; };
/* End PBXBuildFile section */

/* Begin PBXContainerItemProxy section */
		D074955A1B5F814C0094EDB6 /* PBXContainerItemProxy */ = {
			isa = PBXContainerItemProxy;
			containerPortal = D07495381B5F814B0094EDB6 /* Project object */;
			proxyType = 1;
			remoteGlobalIDString = D074953F1B5F814B0094EDB6;
			remoteInfo = DateMethod;
		};
/* End PBXContainerItemProxy section */

/* Begin PBXFileReference section */
		20D9D31DD50D208478838492 /* libPods-DateMethod.a */ = {isa = PBXFileReference; explicitFileType = archive.ar; includeInIndex = 0; path = "libPods-DateMethod.a"; sourceTree = BUILT_PRODUCTS_DIR; };
		8523AE2DACC062B289BEA5A6 /* Pods-DateMethod.debug.xcconfig */ = {isa = PBXFileReference; includeInIndex = 1; lastKnownFileType = text.xcconfig; name = "Pods-DateMethod.debug.xcconfig"; path = "Pods/Target Support Files/Pods-DateMethod/Pods-DateMethod.debug.xcconfig"; sourceTree = "<group>"; };
		D07495401B5F814B0094EDB6 /* DateMethod.app */ = {isa = PBXFileReference; explicitFileType = wrapper.application; includeInIndex = 0; path = DateMethod.app; sourceTree = BUILT_PRODUCTS_DIR; };
		D07495441B5F814B0094EDB6 /* Info.plist */ = {isa = PBXFileReference; lastKnownFileType = text.plist.xml; path = Info.plist; sourceTree = "<group>"; };
		D07495451B5F814B0094EDB6 /* main.m */ = {isa = PBXFileReference; lastKnownFileType = sourcecode.c.objc; path = main.m; sourceTree = "<group>"; };
		D07495471B5F814B0094EDB6 /* AppDelegate.h */ = {isa = PBXFileReference; lastKnownFileType = sourcecode.c.h; path = AppDelegate.h; sourceTree = "<group>"; };
		D07495481B5F814B0094EDB6 /* AppDelegate.m */ = {isa = PBXFileReference; lastKnownFileType = sourcecode.c.objc; path = AppDelegate.m; sourceTree = "<group>"; };
		D074954E1B5F814B0094EDB6 /* Base */ = {isa = PBXFileReference; lastKnownFileType = file.storyboard; name = Base; path = Base.lproj/Main.storyboard; sourceTree = "<group>"; };
		D07495501B5F814B0094EDB6 /* Images.xcassets */ = {isa = PBXFileReference; lastKnownFileType = folder.assetcatalog; path = Images.xcassets; sourceTree = "<group>"; };
		D07495531B5F814B0094EDB6 /* Base */ = {isa = PBXFileReference; lastKnownFileType = file.xib; name = Base; path = Base.lproj/LaunchScreen.xib; sourceTree = "<group>"; };
		D07495591B5F814C0094EDB6 /* DateMethodTests.xctest */ = {isa = PBXFileReference; explicitFileType = wrapper.cfbundle; includeInIndex = 0; path = DateMethodTests.xctest; sourceTree = BUILT_PRODUCTS_DIR; };
		D074955E1B5F814C0094EDB6 /* Info.plist */ = {isa = PBXFileReference; lastKnownFileType = text.plist.xml; path = Info.plist; sourceTree = "<group>"; };
		D074955F1B5F814C0094EDB6 /* DateMethodTests.m */ = {isa = PBXFileReference; lastKnownFileType = sourcecode.c.objc; path = DateMethodTests.m; sourceTree = "<group>"; };
		D07495691B5F81F60094EDB6 /* RootTVC.h */ = {isa = PBXFileReference; fileEncoding = 4; lastKnownFileType = sourcecode.c.h; path = RootTVC.h; sourceTree = "<group>"; };
		D074956A1B5F81F60094EDB6 /* RootTVC.m */ = {isa = PBXFileReference; fileEncoding = 4; lastKnownFileType = sourcecode.c.objc; path = RootTVC.m; sourceTree = "<group>"; };
		D07495701B5F841B0094EDB6 /* DMDate.h */ = {isa = PBXFileReference; fileEncoding = 4; lastKnownFileType = sourcecode.c.h; path = DMDate.h; sourceTree = "<group>"; };
		D07495711B5F841B0094EDB6 /* DMDate.m */ = {isa = PBXFileReference; fileEncoding = 4; lastKnownFileType = sourcecode.c.objc; path = DMDate.m; sourceTree = "<group>"; };
		D07495741B5F8BB70094EDB6 /* NSDate+EarlyInTheMorning.h */ = {isa = PBXFileReference; fileEncoding = 4; lastKnownFileType = sourcecode.c.h; path = "NSDate+EarlyInTheMorning.h"; sourceTree = "<group>"; };
		D07495751B5F8BB70094EDB6 /* NSDate+EarlyInTheMorning.m */ = {isa = PBXFileReference; fileEncoding = 4; lastKnownFileType = sourcecode.c.objc; path = "NSDate+EarlyInTheMorning.m"; sourceTree = "<group>"; };
		D07495771B5F96830094EDB6 /* NSString+DateValue.h */ = {isa = PBXFileReference; fileEncoding = 4; lastKnownFileType = sourcecode.c.h; path = "NSString+DateValue.h"; sourceTree = "<group>"; };
		D07495781B5F96830094EDB6 /* NSString+DateValue.m */ = {isa = PBXFileReference; fileEncoding = 4; lastKnownFileType = sourcecode.c.objc; path = "NSString+DateValue.m"; sourceTree = "<group>"; };
		D46AC1A2831B2CFEEBB934F7 /* Pods-DateMethod.release.xcconfig */ = {isa = PBXFileReference; includeInIndex = 1; lastKnownFileType = text.xcconfig; name = "Pods-DateMethod.release.xcconfig"; path = "Pods/Target Support Files/Pods-DateMethod/Pods-DateMethod.release.xcconfig"; sourceTree = "<group>"; };
/* End PBXFileReference section */

/* Begin PBXFrameworksBuildPhase section */
		D074953D1B5F814B0094EDB6 /* Frameworks */ = {
			isa = PBXFrameworksBuildPhase;
			buildActionMask = 2147483647;
			files = (
				9AD8E65EA8E8395F21897D34 /* libPods-DateMethod.a in Frameworks */,
			);
			runOnlyForDeploymentPostprocessing = 0;
		};
		D07495561B5F814C0094EDB6 /* Frameworks */ = {
			isa = PBXFrameworksBuildPhase;
			buildActionMask = 2147483647;
			files = (
			);
			runOnlyForDeploymentPostprocessing = 0;
		};
/* End PBXFrameworksBuildPhase section */

/* Begin PBXGroup section */
		98F67CD79266A251BC675DF0 /* Frameworks */ = {
			isa = PBXGroup;
			children = (
				20D9D31DD50D208478838492 /* libPods-DateMethod.a */,
			);
			name = Frameworks;
			sourceTree = "<group>";
		};
		D07495371B5F814B0094EDB6 = {
			isa = PBXGroup;
			children = (
				D07495421B5F814B0094EDB6 /* DateMethod */,
				D074955C1B5F814C0094EDB6 /* DateMethodTests */,
				D07495411B5F814B0094EDB6 /* Products */,
				FD6616B2024C066907D50B4A /* Pods */,
				98F67CD79266A251BC675DF0 /* Frameworks */,
			);
			sourceTree = "<group>";
		};
		D07495411B5F814B0094EDB6 /* Products */ = {
			isa = PBXGroup;
			children = (
				D07495401B5F814B0094EDB6 /* DateMethod.app */,
				D07495591B5F814C0094EDB6 /* DateMethodTests.xctest */,
			);
			name = Products;
			sourceTree = "<group>";
		};
		D07495421B5F814B0094EDB6 /* DateMethod */ = {
			isa = PBXGroup;
			children = (
				D07495731B5F8B940094EDB6 /* Tool */,
				D074956C1B5F83D10094EDB6 /* Mode */,
				D07495471B5F814B0094EDB6 /* AppDelegate.h */,
				D07495481B5F814B0094EDB6 /* AppDelegate.m */,
				D07495691B5F81F60094EDB6 /* RootTVC.h */,
				D074956A1B5F81F60094EDB6 /* RootTVC.m */,
				D074954D1B5F814B0094EDB6 /* Main.storyboard */,
				D07495501B5F814B0094EDB6 /* Images.xcassets */,
				D07495521B5F814B0094EDB6 /* LaunchScreen.xib */,
				D07495431B5F814B0094EDB6 /* Supporting Files */,
			);
			path = DateMethod;
			sourceTree = "<group>";
		};
		D07495431B5F814B0094EDB6 /* Supporting Files */ = {
			isa = PBXGroup;
			children = (
				D07495441B5F814B0094EDB6 /* Info.plist */,
				D07495451B5F814B0094EDB6 /* main.m */,
			);
			name = "Supporting Files";
			sourceTree = "<group>";
		};
		D074955C1B5F814C0094EDB6 /* DateMethodTests */ = {
			isa = PBXGroup;
			children = (
				D074955F1B5F814C0094EDB6 /* DateMethodTests.m */,
				D074955D1B5F814C0094EDB6 /* Supporting Files */,
			);
			path = DateMethodTests;
			sourceTree = "<group>";
		};
		D074955D1B5F814C0094EDB6 /* Supporting Files */ = {
			isa = PBXGroup;
			children = (
				D074955E1B5F814C0094EDB6 /* Info.plist */,
			);
			name = "Supporting Files";
			sourceTree = "<group>";
		};
		D074956C1B5F83D10094EDB6 /* Mode */ = {
			isa = PBXGroup;
			children = (
				D07495701B5F841B0094EDB6 /* DMDate.h */,
				D07495711B5F841B0094EDB6 /* DMDate.m */,
			);
			name = Mode;
			sourceTree = "<group>";
		};
		D07495731B5F8B940094EDB6 /* Tool */ = {
			isa = PBXGroup;
			children = (
				D07495741B5F8BB70094EDB6 /* NSDate+EarlyInTheMorning.h */,
				D07495751B5F8BB70094EDB6 /* NSDate+EarlyInTheMorning.m */,
				D07495771B5F96830094EDB6 /* NSString+DateValue.h */,
				D07495781B5F96830094EDB6 /* NSString+DateValue.m */,
			);
			name = Tool;
			sourceTree = "<group>";
		};
		FD6616B2024C066907D50B4A /* Pods */ = {
			isa = PBXGroup;
			children = (
				8523AE2DACC062B289BEA5A6 /* Pods-DateMethod.debug.xcconfig */,
				D46AC1A2831B2CFEEBB934F7 /* Pods-DateMethod.release.xcconfig */,
			);
			name = Pods;
			sourceTree = "<group>";
		};
/* End PBXGroup section */

/* Begin PBXNativeTarget section */
		D074953F1B5F814B0094EDB6 /* DateMethod */ = {
			isa = PBXNativeTarget;
			buildConfigurationList = D07495631B5F814C0094EDB6 /* Build configuration list for PBXNativeTarget "DateMethod" */;
			buildPhases = (
				099A67FADD26F821E40B6D31 /* Check Pods Manifest.lock */,
				D074953C1B5F814B0094EDB6 /* Sources */,
				D074953D1B5F814B0094EDB6 /* Frameworks */,
				D074953E1B5F814B0094EDB6 /* Resources */,
				C834E91908FE0D66157E879D /* Copy Pods Resources */,
			);
			buildRules = (
			);
			dependencies = (
			);
			name = DateMethod;
			productName = DateMethod;
			productReference = D07495401B5F814B0094EDB6 /* DateMethod.app */;
			productType = "com.apple.product-type.application";
		};
		D07495581B5F814C0094EDB6 /* DateMethodTests */ = {
			isa = PBXNativeTarget;
			buildConfigurationList = D07495661B5F814C0094EDB6 /* Build configuration list for PBXNativeTarget "DateMethodTests" */;
			buildPhases = (
				D07495551B5F814C0094EDB6 /* Sources */,
				D07495561B5F814C0094EDB6 /* Frameworks */,
				D07495571B5F814C0094EDB6 /* Resources */,
			);
			buildRules = (
			);
			dependencies = (
				D074955B1B5F814C0094EDB6 /* PBXTargetDependency */,
			);
			name = DateMethodTests;
			productName = DateMethodTests;
			productReference = D07495591B5F814C0094EDB6 /* DateMethodTests.xctest */;
			productType = "com.apple.product-type.bundle.unit-test";
		};
/* End PBXNativeTarget section */

/* Begin PBXProject section */
		D07495381B5F814B0094EDB6 /* Project object */ = {
			isa = PBXProject;
			attributes = {
				LastUpgradeCheck = 0640;
				ORGANIZATIONNAME = "谭伟";
				TargetAttributes = {
					D074953F1B5F814B0094EDB6 = {
						CreatedOnToolsVersion = 6.4;
					};
					D07495581B5F814C0094EDB6 = {
						CreatedOnToolsVersion = 6.4;
						TestTargetID = D074953F1B5F814B0094EDB6;
					};
				};
			};
			buildConfigurationList = D074953B1B5F814B0094EDB6 /* Build configuration list for PBXProject "DateMethod" */;
			compatibilityVersion = "Xcode 3.2";
			developmentRegion = English;
			hasScannedForEncodings = 0;
			knownRegions = (
				en,
				Base,
			);
			mainGroup = D07495371B5F814B0094EDB6;
			productRefGroup = D07495411B5F814B0094EDB6 /* Products */;
			projectDirPath = "";
			projectRoot = "";
			targets = (
				D074953F1B5F814B0094EDB6 /* DateMethod */,
				D07495581B5F814C0094EDB6 /* DateMethodTests */,
			);
		};
/* End PBXProject section */

/* Begin PBXResourcesBuildPhase section */
		D074953E1B5F814B0094EDB6 /* Resources */ = {
			isa = PBXResourcesBuildPhase;
			buildActionMask = 2147483647;
			files = (
				D074954F1B5F814B0094EDB6 /* Main.storyboard in Resources */,
				D07495541B5F814B0094EDB6 /* LaunchScreen.xib in Resources */,
				D07495511B5F814B0094EDB6 /* Images.xcassets in Resources */,
			);
			runOnlyForDeploymentPostprocessing = 0;
		};
		D07495571B5F814C0094EDB6 /* Resources */ = {
			isa = PBXResourcesBuildPhase;
			buildActionMask = 2147483647;
			files = (
			);
			runOnlyForDeploymentPostprocessing = 0;
		};
/* End PBXResourcesBuildPhase section */

/* Begin PBXShellScriptBuildPhase section */
		099A67FADD26F821E40B6D31 /* Check Pods Manifest.lock */ = {
			isa = PBXShellScriptBuildPhase;
			buildActionMask = 2147483647;
			files = (
			);
			inputPaths = (
			);
			name = "Check Pods Manifest.lock";
			outputPaths = (
			);
			runOnlyForDeploymentPostprocessing = 0;
			shellPath = /bin/sh;
			shellScript = "diff \"${PODS_ROOT}/../Podfile.lock\" \"${PODS_ROOT}/Manifest.lock\" > /dev/null\nif [[ $? != 0 ]] ; then\n    cat << EOM\nerror: The sandbox is not in sync with the Podfile.lock. Run 'pod install' or update your CocoaPods installation.\nEOM\n    exit 1\nfi\n";
			showEnvVarsInLog = 0;
		};
		C834E91908FE0D66157E879D /* Copy Pods Resources */ = {
			isa = PBXShellScriptBuildPhase;
			buildActionMask = 2147483647;
			files = (
			);
			inputPaths = (
			);
			name = "Copy Pods Resources";
			outputPaths = (
			);
			runOnlyForDeploymentPostprocessing = 0;
			shellPath = /bin/sh;
			shellScript = "\"${SRCROOT}/Pods/Target Support Files/Pods-DateMethod/Pods-DateMethod-resources.sh\"\n";
			showEnvVarsInLog = 0;
		};
/* End PBXShellScriptBuildPhase section */

/* Begin PBXSourcesBuildPhase section */
		D074953C1B5F814B0094EDB6 /* Sources */ = {
			isa = PBXSourcesBuildPhase;
			buildActionMask = 2147483647;
			files = (
				D07495761B5F8BB70094EDB6 /* NSDate+EarlyInTheMorning.m in Sources */,
				D07495791B5F96830094EDB6 /* NSString+DateValue.m in Sources */,
				D07495491B5F814B0094EDB6 /* AppDelegate.m in Sources */,
				D074956B1B5F81F60094EDB6 /* RootTVC.m in Sources */,
				D07495721B5F841B0094EDB6 /* DMDate.m in Sources */,
				D07495461B5F814B0094EDB6 /* main.m in Sources */,
			);
			runOnlyForDeploymentPostprocessing = 0;
		};
		D07495551B5F814C0094EDB6 /* Sources */ = {
			isa = PBXSourcesBuildPhase;
			buildActionMask = 2147483647;
			files = (
				D07495601B5F814C0094EDB6 /* DateMethodTests.m in Sources */,
			);
			runOnlyForDeploymentPostprocessing = 0;
		};
/* End PBXSourcesBuildPhase section */

/* Begin PBXTargetDependency section */
		D074955B1B5F814C0094EDB6 /* PBXTargetDependency */ = {
			isa = PBXTargetDependency;
			target = D074953F1B5F814B0094EDB6 /* DateMethod */;
			targetProxy = D074955A1B5F814C0094EDB6 /* PBXContainerItemProxy */;
		};
/* End PBXTargetDependency section */

/* Begin PBXVariantGroup section */
		D074954D1B5F814B0094EDB6 /* Main.storyboard */ = {
			isa = PBXVariantGroup;
			children = (
				D074954E1B5F814B0094EDB6 /* Base */,
			);
			name = Main.storyboard;
			sourceTree = "<group>";
		};
		D07495521B5F814B0094EDB6 /* LaunchScreen.xib */ = {
			isa = PBXVariantGroup;
			children = (
				D07495531B5F814B0094EDB6 /* Base */,
			);
			name = LaunchScreen.xib;
			sourceTree = "<group>";
		};
/* End PBXVariantGroup section */

/* Begin XCBuildConfiguration section */
		D07495611B5F814C0094EDB6 /* Debug */ = {
			isa = XCBuildConfiguration;
			buildSettings = {
				ALWAYS_SEARCH_USER_PATHS = NO;
				CLANG_CXX_LANGUAGE_STANDARD = "gnu++0x";
				CLANG_CXX_LIBRARY = "libc++";
				CLANG_ENABLE_MODULES = YES;
				CLANG_ENABLE_OBJC_ARC = YES;
				CLANG_WARN_BOOL_CONVERSION = YES;
				CLANG_WARN_CONSTANT_CONVERSION = YES;
				CLANG_WARN_DIRECT_OBJC_ISA_USAGE = YES_ERROR;
				CLANG_WARN_EMPTY_BODY = YES;
				CLANG_WARN_ENUM_CONVERSION = YES;
				CLANG_WARN_INT_CONVERSION = YES;
				CLANG_WARN_OBJC_ROOT_CLASS = YES_ERROR;
				CLANG_WARN_UNREACHABLE_CODE = YES;
				CLANG_WARN__DUPLICATE_METHOD_MATCH = YES;
				"CODE_SIGN_IDENTITY[sdk=iphoneos*]" = "iPhone Developer";
				COPY_PHASE_STRIP = NO;
				DEBUG_INFORMATION_FORMAT = "dwarf-with-dsym";
				ENABLE_STRICT_OBJC_MSGSEND = YES;
				GCC_C_LANGUAGE_STANDARD = gnu99;
				GCC_DYNAMIC_NO_PIC = NO;
				GCC_NO_COMMON_BLOCKS = YES;
				GCC_OPTIMIZATION_LEVEL = 0;
				GCC_PREPROCESSOR_DEFINITIONS = (
					"DEBUG=1",
					"$(inherited)",
				);
				GCC_SYMBOLS_PRIVATE_EXTERN = NO;
				GCC_WARN_64_TO_32_BIT_CONVERSION = YES;
				GCC_WARN_ABOUT_RETURN_TYPE = YES_ERROR;
				GCC_WARN_UNDECLARED_SELECTOR = YES;
				GCC_WARN_UNINITIALIZED_AUTOS = YES_AGGRESSIVE;
				GCC_WARN_UNUSED_FUNCTION = YES;
				GCC_WARN_UNUSED_VARIABLE = YES;
				IPHONEOS_DEPLOYMENT_TARGET = 8.4;
				MTL_ENABLE_DEBUG_INFO = YES;
				ONLY_ACTIVE_ARCH = YES;
				SDKROOT = iphoneos;
			};
			name = Debug;
		};
		D07495621B5F814C0094EDB6 /* Release */ = {
			isa = XCBuildConfiguration;
			buildSettings = {
				ALWAYS_SEARCH_USER_PATHS = NO;
				CLANG_CXX_LANGUAGE_STANDARD = "gnu++0x";
				CLANG_CXX_LIBRARY = "libc++";
				CLANG_ENABLE_MODULES = YES;
				CLANG_ENABLE_OBJC_ARC = YES;
				CLANG_WARN_BOOL_CONVERSION = YES;
				CLANG_WARN_CONSTANT_CONVERSION = YES;
				CLANG_WARN_DIRECT_OBJC_ISA_USAGE = YES_ERROR;
				CLANG_WARN_EMPTY_BODY = YES;
				CLANG_WARN_ENUM_CONVERSION = YES;
				CLANG_WARN_INT_CONVERSION = YES;
				CLANG_WARN_OBJC_ROOT_CLASS = YES_ERROR;
				CLANG_WARN_UNREACHABLE_CODE = YES;
				CLANG_WARN__DUPLICATE_METHOD_MATCH = YES;
				"CODE_SIGN_IDENTITY[sdk=iphoneos*]" = "iPhone Developer";
				COPY_PHASE_STRIP = NO;
				DEBUG_INFORMATION_FORMAT = "dwarf-with-dsym";
				ENABLE_NS_ASSERTIONS = NO;
				ENABLE_STRICT_OBJC_MSGSEND = YES;
				GCC_C_LANGUAGE_STANDARD = gnu99;
				GCC_NO_COMMON_BLOCKS = YES;
				GCC_WARN_64_TO_32_BIT_CONVERSION = YES;
				GCC_WARN_ABOUT_RETURN_TYPE = YES_ERROR;
				GCC_WARN_UNDECLARED_SELECTOR = YES;
				GCC_WARN_UNINITIALIZED_AUTOS = YES_AGGRESSIVE;
				GCC_WARN_UNUSED_FUNCTION = YES;
				GCC_WARN_UNUSED_VARIABLE = YES;
				IPHONEOS_DEPLOYMENT_TARGET = 8.4;
				MTL_ENABLE_DEBUG_INFO = NO;
				SDKROOT = iphoneos;
				VALIDATE_PRODUCT = YES;
			};
			name = Release;
		};
		D07495641B5F814C0094EDB6 /* Debug */ = {
			isa = XCBuildConfiguration;
			baseConfigurationReference = 8523AE2DACC062B289BEA5A6 /* Pods-DateMethod.debug.xcconfig */;
			buildSettings = {
				ASSETCATALOG_COMPILER_APPICON_NAME = AppIcon;
				INFOPLIST_FILE = DateMethod/Info.plist;
				IPHONEOS_DEPLOYMENT_TARGET = 8.0;
				LD_RUNPATH_SEARCH_PATHS = "$(inherited) @executable_path/Frameworks";
				PRODUCT_NAME = "$(TARGET_NAME)";
				TARGETED_DEVICE_FAMILY = 1;
			};
			name = Debug;
		};
		D07495651B5F814C0094EDB6 /* Release */ = {
			isa = XCBuildConfiguration;
			baseConfigurationReference = D46AC1A2831B2CFEEBB934F7 /* Pods-DateMethod.release.xcconfig */;
			buildSettings = {
				ASSETCATALOG_COMPILER_APPICON_NAME = AppIcon;
				INFOPLIST_FILE = DateMethod/Info.plist;
				IPHONEOS_DEPLOYMENT_TARGET = 8.0;
				LD_RUNPATH_SEARCH_PATHS = "$(inherited) @executable_path/Frameworks";
				PRODUCT_NAME = "$(TARGET_NAME)";
				TARGETED_DEVICE_FAMILY = 1;
			};
			name = Release;
		};
		D07495671B5F814C0094EDB6 /* Debug */ = {
			isa = XCBuildConfiguration;
			buildSettings = {
				BUNDLE_LOADER = "$(TEST_HOST)";
				FRAMEWORK_SEARCH_PATHS = (
					"$(SDKROOT)/Developer/Library/Frameworks",
					"$(inherited)",
				);
				GCC_PREPROCESSOR_DEFINITIONS = (
					"DEBUG=1",
					"$(inherited)",
				);
				INFOPLIST_FILE = DateMethodTests/Info.plist;
				LD_RUNPATH_SEARCH_PATHS = "$(inherited) @executable_path/Frameworks @loader_path/Frameworks";
				PRODUCT_NAME = "$(TARGET_NAME)";
				TEST_HOST = "$(BUILT_PRODUCTS_DIR)/DateMethod.app/DateMethod";
			};
			name = Debug;
		};
		D07495681B5F814C0094EDB6 /* Release */ = {
			isa = XCBuildConfiguration;
			buildSettings = {
				BUNDLE_LOADER = "$(TEST_HOST)";
				FRAMEWORK_SEARCH_PATHS = (
					"$(SDKROOT)/Developer/Library/Frameworks",
					"$(inherited)",
				);
				INFOPLIST_FILE = DateMethodTests/Info.plist;
				LD_RUNPATH_SEARCH_PATHS = "$(inherited) @executable_path/Frameworks @loader_path/Frameworks";
				PRODUCT_NAME = "$(TARGET_NAME)";
				TEST_HOST = "$(BUILT_PRODUCTS_DIR)/DateMethod.app/DateMethod";
			};
			name = Release;
		};
/* End XCBuildConfiguration section */

/* Begin XCConfigurationList section */
		D074953B1B5F814B0094EDB6 /* Build configuration list for PBXProject "DateMethod" */ = {
			isa = XCConfigurationList;
			buildConfigurations = (
				D07495611B5F814C0094EDB6 /* Debug */,
				D07495621B5F814C0094EDB6 /* Release */,
			);
			defaultConfigurationIsVisible = 0;
			defaultConfigurationName = Release;
		};
		D07495631B5F814C0094EDB6 /* Build configuration list for PBXNativeTarget "DateMethod" */ = {
			isa = XCConfigurationList;
			buildConfigurations = (
				D07495641B5F814C0094EDB6 /* Debug */,
				D07495651B5F814C0094EDB6 /* Release */,
			);
			defaultConfigurationIsVisible = 0;
			defaultConfigurationName = Release;
		};
		D07495661B5F814C0094EDB6 /* Build configuration list for PBXNativeTarget "DateMethodTests" */ = {
			isa = XCConfigurationList;
			buildConfigurations = (
				D07495671B5F814C0094EDB6 /* Debug */,
				D07495681B5F814C0094EDB6 /* Release */,
			);
			defaultConfigurationIsVisible = 0;
			defaultConfigurationName = Release;
		};
/* End XCConfigurationList section */
	};
	rootObject = D07495381B5F814B0094EDB6 /* Project object */;
}
